
Microsoft Visual Studio Solution File, Format Version 12.00
# Visual Studio Version 17
VisualStudioVersion = 17.4.33403.182
MinimumVisualStudioVersion = 10.0.40219.1
Project("{FAE04EC0-301F-11D3-BF4B-00C04F79EFBC}") = "DAWpractica1", "DAWpractica1.csproj", "{4F972CAD-BD79-4C3A-A3D2-D6C0F2E9D9AF}"
EndProject
Global
	GlobalSection(SolutionConfigurationPlatforms) = preSolution
		Debug|Any CPU = Debug|Any CPU
		Release|Any CPU = Release|Any CPU
	EndGlobalSection
	GlobalSection(ProjectConfigurationPlatforms) = postSolution
		{4F972CAD-BD79-4C3A-A3D2-D6C0F2E9D9AF}.Debug|Any CPU.ActiveCfg = Debug|Any CPU
		{4F972CAD-BD79-4C3A-A3D2-D6C0F2E9D9AF}.Debug|Any CPU.Build.0 = Debug|Any CPU
		{4F972CAD-BD79-4C3A-A3D2-D6C0F2E9D9AF}.Release|Any CPU.ActiveCfg = Release|Any CPU
		{4F972CAD-BD79-4C3A-A3D2-D6C0F2E9D9AF}.Release|Any CPU.Build.0 = Release|Any CPU
	EndGlobalSection
	GlobalSection(SolutionProperties) = preSolution
		HideSolutionNode = FALSE
	EndGlobalSection
	GlobalSection(ExtensibilityGlobals) = postSolution
		SolutionGuid = {9A34DC6D-7F65-4D62-9FE5-A0C2433CCE31}
	EndGlobalSection
EndGlobal
